
Microsoft Visual Studio Solution File, Format Version 12.00
# Visual Studio 15
VisualStudioVersion = 15.0.28307.421
MinimumVisualStudioVersion = 10.0.40219.1
Project("{888888A0-9F3D-457C-B088-3A5042F75D52}") = "Filament Winding-Python", "Filament Winding-Python.pyproj", "{AB3FAFF6-B953-49FB-82A0-ACC8B29735AD}"
EndProject
Global
	GlobalSection(SolutionConfigurationPlatforms) = preSolution
		Debug|Any CPU = Debug|Any CPU
		Release|Any CPU = Release|Any CPU
	EndGlobalSection
	GlobalSection(ProjectConfigurationPlatforms) = postSolution
		{AB3FAFF6-B953-49FB-82A0-ACC8B29735AD}.Debug|Any CPU.ActiveCfg = Debug|Any CPU
		{AB3FAFF6-B953-49FB-82A0-ACC8B29735AD}.Release|Any CPU.ActiveCfg = Release|Any CPU
	EndGlobalSection
	GlobalSection(SolutionProperties) = preSolution
		HideSolutionNode = FALSE
	EndGlobalSection
	GlobalSection(ExtensibilityGlobals) = postSolution
		SolutionGuid = {B20FF026-925C-4D5C-9674-0F5237A654CD}
	EndGlobalSection
EndGlobal
